
Microsoft Visual Studio Solution File, Format Version 12.00
# Visual Studio Version 17
VisualStudioVersion = 17.9.34902.65
MinimumVisualStudioVersion = 10.0.40219.1
Project("{9A19103F-16F7-4668-BE54-9A1E7A4F7556}") = "JewelryShop.GemPrice", "JewelryShop.GemPrice\JewelryShop.GemPrice.csproj", "{CCB757AA-5E3A-40B4-A373-0117A1929DB8}"
EndProject
Global
	GlobalSection(SolutionConfigurationPlatforms) = preSolution
		Debug|Any CPU = Debug|Any CPU
		Release|Any CPU = Release|Any CPU
	EndGlobalSection
	GlobalSection(ProjectConfigurationPlatforms) = postSolution
		{CCB757AA-5E3A-40B4-A373-0117A1929DB8}.Debug|Any CPU.ActiveCfg = Debug|Any CPU
		{CCB757AA-5E3A-40B4-A373-0117A1929DB8}.Debug|Any CPU.Build.0 = Debug|Any CPU
		{CCB757AA-5E3A-40B4-A373-0117A1929DB8}.Release|Any CPU.ActiveCfg = Release|Any CPU
		{CCB757AA-5E3A-40B4-A373-0117A1929DB8}.Release|Any CPU.Build.0 = Release|Any CPU
	EndGlobalSection
	GlobalSection(SolutionProperties) = preSolution
		HideSolutionNode = FALSE
	EndGlobalSection
	GlobalSection(ExtensibilityGlobals) = postSolution
		SolutionGuid = {B5D39995-1C03-44C4-9DB7-CC59A448E468}
	EndGlobalSection
EndGlobal
